
Microsoft Visual Studio Solution File, Format Version 12.00
# Visual Studio 2012
Project("{FAE04EC0-301F-11D3-BF4B-00C04F79EFBC}") = "ConsoleTask_9_17", "ConsoleTask_9_17\ConsoleTask_9_17.csproj", "{BF8D01E2-44A6-4BAF-9B4B-832B702F94B3}"
EndProject
Global
	GlobalSection(SolutionConfigurationPlatforms) = preSolution
		Debug|Any CPU = Debug|Any CPU
		Release|Any CPU = Release|Any CPU
	EndGlobalSection
	GlobalSection(ProjectConfigurationPlatforms) = postSolution
		{BF8D01E2-44A6-4BAF-9B4B-832B702F94B3}.Debug|Any CPU.ActiveCfg = Debug|Any CPU
		{BF8D01E2-44A6-4BAF-9B4B-832B702F94B3}.Debug|Any CPU.Build.0 = Debug|Any CPU
		{BF8D01E2-44A6-4BAF-9B4B-832B702F94B3}.Release|Any CPU.ActiveCfg = Release|Any CPU
		{BF8D01E2-44A6-4BAF-9B4B-832B702F94B3}.Release|Any CPU.Build.0 = Release|Any CPU
	EndGlobalSection
	GlobalSection(SolutionProperties) = preSolution
		HideSolutionNode = FALSE
	EndGlobalSection
EndGlobal
