
Microsoft Visual Studio Solution File, Format Version 12.00
# Visual Studio 2012
Project("{FAE04EC0-301F-11D3-BF4B-00C04F79EFBC}") = "task_7_17", "task_7_17\task_7_17.csproj", "{1276EBCF-6202-4172-9655-2260DD34392D}"
EndProject
Global
	GlobalSection(SolutionConfigurationPlatforms) = preSolution
		Debug|Any CPU = Debug|Any CPU
		Release|Any CPU = Release|Any CPU
	EndGlobalSection
	GlobalSection(ProjectConfigurationPlatforms) = postSolution
		{1276EBCF-6202-4172-9655-2260DD34392D}.Debug|Any CPU.ActiveCfg = Debug|Any CPU
		{1276EBCF-6202-4172-9655-2260DD34392D}.Debug|Any CPU.Build.0 = Debug|Any CPU
		{1276EBCF-6202-4172-9655-2260DD34392D}.Release|Any CPU.ActiveCfg = Release|Any CPU
		{1276EBCF-6202-4172-9655-2260DD34392D}.Release|Any CPU.Build.0 = Release|Any CPU
	EndGlobalSection
	GlobalSection(SolutionProperties) = preSolution
		HideSolutionNode = FALSE
	EndGlobalSection
EndGlobal
