
Microsoft Visual Studio Solution File, Format Version 12.00
# Visual Studio 2012
Project("{FAE04EC0-301F-11D3-BF4B-00C04F79EFBC}") = "task_4_17", "task_4_17\task_4_17.csproj", "{63F6C068-5478-4791-9C0D-ED8B071B35AA}"
EndProject
Global
	GlobalSection(SolutionConfigurationPlatforms) = preSolution
		Debug|Any CPU = Debug|Any CPU
		Release|Any CPU = Release|Any CPU
	EndGlobalSection
	GlobalSection(ProjectConfigurationPlatforms) = postSolution
		{63F6C068-5478-4791-9C0D-ED8B071B35AA}.Debug|Any CPU.ActiveCfg = Debug|Any CPU
		{63F6C068-5478-4791-9C0D-ED8B071B35AA}.Debug|Any CPU.Build.0 = Debug|Any CPU
		{63F6C068-5478-4791-9C0D-ED8B071B35AA}.Release|Any CPU.ActiveCfg = Release|Any CPU
		{63F6C068-5478-4791-9C0D-ED8B071B35AA}.Release|Any CPU.Build.0 = Release|Any CPU
	EndGlobalSection
	GlobalSection(SolutionProperties) = preSolution
		HideSolutionNode = FALSE
	EndGlobalSection
EndGlobal
